
Microsoft Visual Studio Solution File, Format Version 12.00
# Visual Studio Version 17
VisualStudioVersion = 17.13.35913.81 d17.13
MinimumVisualStudioVersion = 10.0.40219.1
Project("{FAE04EC0-301F-11D3-BF4B-00C04F79EFBC}") = "GerenciadorReceitasGUI2", "GerenciadorReceitasGUI2\GerenciadorReceitasGUI2.csproj", "{810718BD-1FE1-4424-B83E-260DA90A39E9}"
EndProject
Global
	GlobalSection(SolutionConfigurationPlatforms) = preSolution
		Debug|Any CPU = Debug|Any CPU
		Release|Any CPU = Release|Any CPU
	EndGlobalSection
	GlobalSection(ProjectConfigurationPlatforms) = postSolution
		{810718BD-1FE1-4424-B83E-260DA90A39E9}.Debug|Any CPU.ActiveCfg = Debug|Any CPU
		{810718BD-1FE1-4424-B83E-260DA90A39E9}.Debug|Any CPU.Build.0 = Debug|Any CPU
		{810718BD-1FE1-4424-B83E-260DA90A39E9}.Release|Any CPU.ActiveCfg = Release|Any CPU
		{810718BD-1FE1-4424-B83E-260DA90A39E9}.Release|Any CPU.Build.0 = Release|Any CPU
	EndGlobalSection
	GlobalSection(SolutionProperties) = preSolution
		HideSolutionNode = FALSE
	EndGlobalSection
	GlobalSection(ExtensibilityGlobals) = postSolution
		SolutionGuid = {2FD44F5D-7178-406F-A831-53F8B633C520}
	EndGlobalSection
EndGlobal
